
Microsoft Visual Studio Solution File, Format Version 12.00
# Visual Studio Version 16
VisualStudioVersion = 16.0.29613.14
MinimumVisualStudioVersion = 10.0.40219.1
Project("{9A19103F-16F7-4668-BE54-9A1E7A4F7556}") = "code-challenge", "code-challenge\code-challenge.csproj", "{8ABA1EEA-DF6D-43B9-9F23-4E8C234A5ABF}"
EndProject
Project("{9A19103F-16F7-4668-BE54-9A1E7A4F7556}") = "code-challenge.Tests.Integration", "code-challenge.Tests\code-challenge.Tests.Integration.csproj", "{0EFCF139-7A42-4E38-B638-856076B0108A}"
EndProject
Project("{FAE04EC0-301F-11D3-BF4B-00C04F79EFBC}") = "code-challenge.Tests.Unit", "code-challenge.Tests.unit\code-challenge.Tests.Unit.csproj", "{5B2319E5-EF86-470D-9DD2-E50E289E990B}"
EndProject
Project("{2150E333-8FDC-42A3-9474-1A3956D46DE8}") = "Solution Items", "Solution Items", "{6F98636A-8B8A-49CB-938F-1F171D5D7B5C}"
ProjectSection(SolutionItems) = preProject
	.gitignore = .gitignore
	_config.yml = _config.yml
	README.md = README.md
	ToDo.md = ToDo.md
EndProjectSection
EndProject
Global
	GlobalSection(SolutionConfigurationPlatforms) = preSolution
		Debug|Any CPU = Debug|Any CPU
		Release|Any CPU = Release|Any CPU
	EndGlobalSection
	GlobalSection(ProjectConfigurationPlatforms) = postSolution
		{8ABA1EEA-DF6D-43B9-9F23-4E8C234A5ABF}.Debug|Any CPU.ActiveCfg = Debug|Any CPU
		{8ABA1EEA-DF6D-43B9-9F23-4E8C234A5ABF}.Debug|Any CPU.Build.0 = Debug|Any CPU
		{8ABA1EEA-DF6D-43B9-9F23-4E8C234A5ABF}.Release|Any CPU.ActiveCfg = Release|Any CPU
		{8ABA1EEA-DF6D-43B9-9F23-4E8C234A5ABF}.Release|Any CPU.Build.0 = Release|Any CPU
		{0EFCF139-7A42-4E38-B638-856076B0108A}.Debug|Any CPU.ActiveCfg = Debug|Any CPU
		{0EFCF139-7A42-4E38-B638-856076B0108A}.Debug|Any CPU.Build.0 = Debug|Any CPU
		{0EFCF139-7A42-4E38-B638-856076B0108A}.Release|Any CPU.ActiveCfg = Release|Any CPU
		{0EFCF139-7A42-4E38-B638-856076B0108A}.Release|Any CPU.Build.0 = Release|Any CPU
		{5B2319E5-EF86-470D-9DD2-E50E289E990B}.Debug|Any CPU.ActiveCfg = Debug|Any CPU
		{5B2319E5-EF86-470D-9DD2-E50E289E990B}.Debug|Any CPU.Build.0 = Debug|Any CPU
		{5B2319E5-EF86-470D-9DD2-E50E289E990B}.Release|Any CPU.ActiveCfg = Release|Any CPU
		{5B2319E5-EF86-470D-9DD2-E50E289E990B}.Release|Any CPU.Build.0 = Release|Any CPU
	EndGlobalSection
	GlobalSection(SolutionProperties) = preSolution
		HideSolutionNode = FALSE
	EndGlobalSection
	GlobalSection(ExtensibilityGlobals) = postSolution
		SolutionGuid = {CD1D9EA1-80F3-4E2B-842F-5CC53EEC938E}
	EndGlobalSection
EndGlobal
